
Microsoft Visual Studio Solution File, Format Version 11.00
# Visual Studio 2010
Project("{FAE04EC0-301F-11D3-BF4B-00C04F79EFBC}") = "Assembly-CSharp", "Assembly-CSharp.csproj", "{26B4EB40-7504-86D6-F6F1-DA56E00C08CA}"
EndProject
Project("{FAE04EC0-301F-11D3-BF4B-00C04F79EFBC}") = "Assembly-CSharp-Editor", "Assembly-CSharp-Editor.csproj", "{9FB77B37-6676-F99B-9658-1A10CB503075}"
EndProject
Global
	GlobalSection(SolutionConfigurationPlatforms) = preSolution
		Debug|Any CPU = Debug|Any CPU
		Release|Any CPU = Release|Any CPU
	EndGlobalSection
	GlobalSection(ProjectConfigurationPlatforms) = postSolution
		{26B4EB40-7504-86D6-F6F1-DA56E00C08CA}.Debug|Any CPU.ActiveCfg = Debug|Any CPU
		{26B4EB40-7504-86D6-F6F1-DA56E00C08CA}.Debug|Any CPU.Build.0 = Debug|Any CPU
		{26B4EB40-7504-86D6-F6F1-DA56E00C08CA}.Release|Any CPU.ActiveCfg = Release|Any CPU
		{26B4EB40-7504-86D6-F6F1-DA56E00C08CA}.Release|Any CPU.Build.0 = Release|Any CPU
		{9FB77B37-6676-F99B-9658-1A10CB503075}.Debug|Any CPU.ActiveCfg = Debug|Any CPU
		{9FB77B37-6676-F99B-9658-1A10CB503075}.Debug|Any CPU.Build.0 = Debug|Any CPU
		{9FB77B37-6676-F99B-9658-1A10CB503075}.Release|Any CPU.ActiveCfg = Release|Any CPU
		{9FB77B37-6676-F99B-9658-1A10CB503075}.Release|Any CPU.Build.0 = Release|Any CPU
	EndGlobalSection
	GlobalSection(SolutionProperties) = preSolution
		HideSolutionNode = FALSE
	EndGlobalSection
EndGlobal
